
Microsoft Visual Studio Solution File, Format Version 12.00
# Visual Studio 2012
Project("{FAE04EC0-301F-11D3-BF4B-00C04F79EFBC}") = "Messaging", "Messaging\Messaging.csproj", "{B43EE863-E471-416B-91C6-0A0B4DD6AE3F}"
EndProject
Project("{2150E333-8FDC-42A3-9474-1A3956D46DE8}") = "Demos", "Demos", "{553091A7-FFA3-4E6C-A289-AA7BDCFE3CE4}"
EndProject
Project("{FAE04EC0-301F-11D3-BF4B-00C04F79EFBC}") = "Messages", "Demos\Messages\Messages.csproj", "{E098184C-455D-448F-85C3-B89D868AC519}"
EndProject
Project("{FAE04EC0-301F-11D3-BF4B-00C04F79EFBC}") = "Sender", "Demos\Sender\Sender.csproj", "{2E89FA71-3D4E-402C-94D0-02911BC56085}"
EndProject
Project("{FAE04EC0-301F-11D3-BF4B-00C04F79EFBC}") = "Receiver", "Demos\Receiver\Receiver.csproj", "{D0E31BF1-4B3F-4051-A0E1-DA4ABA3ACF1C}"
EndProject
Project("{FAE04EC0-301F-11D3-BF4B-00C04F79EFBC}") = "Publisher", "Demos\Publisher\Publisher.csproj", "{E17D90ED-9BD3-4685-AB31-E9DA0C25B7E7}"
EndProject
Project("{FAE04EC0-301F-11D3-BF4B-00C04F79EFBC}") = "Subscriptions", "Demos\Subscribers\Subscriptions.csproj", "{FFA2B5A9-3A11-438A-944E-5B6E22C37B59}"
EndProject
Project("{FAE04EC0-301F-11D3-BF4B-00C04F79EFBC}") = "SplitLoad", "Demos\SplitLoad\SplitLoad.csproj", "{0022270E-5350-4566-AD56-FF8F747F22D1}"
EndProject
Global
	GlobalSection(SolutionConfigurationPlatforms) = preSolution
		Debug|Any CPU = Debug|Any CPU
		Release|Any CPU = Release|Any CPU
	EndGlobalSection
	GlobalSection(ProjectConfigurationPlatforms) = postSolution
		{B43EE863-E471-416B-91C6-0A0B4DD6AE3F}.Debug|Any CPU.ActiveCfg = Debug|Any CPU
		{B43EE863-E471-416B-91C6-0A0B4DD6AE3F}.Debug|Any CPU.Build.0 = Debug|Any CPU
		{B43EE863-E471-416B-91C6-0A0B4DD6AE3F}.Release|Any CPU.ActiveCfg = Release|Any CPU
		{B43EE863-E471-416B-91C6-0A0B4DD6AE3F}.Release|Any CPU.Build.0 = Release|Any CPU
		{E098184C-455D-448F-85C3-B89D868AC519}.Debug|Any CPU.ActiveCfg = Debug|Any CPU
		{E098184C-455D-448F-85C3-B89D868AC519}.Debug|Any CPU.Build.0 = Debug|Any CPU
		{E098184C-455D-448F-85C3-B89D868AC519}.Release|Any CPU.ActiveCfg = Release|Any CPU
		{E098184C-455D-448F-85C3-B89D868AC519}.Release|Any CPU.Build.0 = Release|Any CPU
		{2E89FA71-3D4E-402C-94D0-02911BC56085}.Debug|Any CPU.ActiveCfg = Debug|Any CPU
		{2E89FA71-3D4E-402C-94D0-02911BC56085}.Debug|Any CPU.Build.0 = Debug|Any CPU
		{2E89FA71-3D4E-402C-94D0-02911BC56085}.Release|Any CPU.ActiveCfg = Release|Any CPU
		{2E89FA71-3D4E-402C-94D0-02911BC56085}.Release|Any CPU.Build.0 = Release|Any CPU
		{D0E31BF1-4B3F-4051-A0E1-DA4ABA3ACF1C}.Debug|Any CPU.ActiveCfg = Debug|Any CPU
		{D0E31BF1-4B3F-4051-A0E1-DA4ABA3ACF1C}.Debug|Any CPU.Build.0 = Debug|Any CPU
		{D0E31BF1-4B3F-4051-A0E1-DA4ABA3ACF1C}.Release|Any CPU.ActiveCfg = Release|Any CPU
		{D0E31BF1-4B3F-4051-A0E1-DA4ABA3ACF1C}.Release|Any CPU.Build.0 = Release|Any CPU
		{E17D90ED-9BD3-4685-AB31-E9DA0C25B7E7}.Debug|Any CPU.ActiveCfg = Debug|Any CPU
		{E17D90ED-9BD3-4685-AB31-E9DA0C25B7E7}.Debug|Any CPU.Build.0 = Debug|Any CPU
		{E17D90ED-9BD3-4685-AB31-E9DA0C25B7E7}.Release|Any CPU.ActiveCfg = Release|Any CPU
		{E17D90ED-9BD3-4685-AB31-E9DA0C25B7E7}.Release|Any CPU.Build.0 = Release|Any CPU
		{FFA2B5A9-3A11-438A-944E-5B6E22C37B59}.Debug|Any CPU.ActiveCfg = Debug|Any CPU
		{FFA2B5A9-3A11-438A-944E-5B6E22C37B59}.Debug|Any CPU.Build.0 = Debug|Any CPU
		{FFA2B5A9-3A11-438A-944E-5B6E22C37B59}.Release|Any CPU.ActiveCfg = Release|Any CPU
		{FFA2B5A9-3A11-438A-944E-5B6E22C37B59}.Release|Any CPU.Build.0 = Release|Any CPU
		{0022270E-5350-4566-AD56-FF8F747F22D1}.Debug|Any CPU.ActiveCfg = Debug|Any CPU
		{0022270E-5350-4566-AD56-FF8F747F22D1}.Debug|Any CPU.Build.0 = Debug|Any CPU
		{0022270E-5350-4566-AD56-FF8F747F22D1}.Release|Any CPU.ActiveCfg = Release|Any CPU
		{0022270E-5350-4566-AD56-FF8F747F22D1}.Release|Any CPU.Build.0 = Release|Any CPU
	EndGlobalSection
	GlobalSection(SolutionProperties) = preSolution
		HideSolutionNode = FALSE
	EndGlobalSection
	GlobalSection(NestedProjects) = preSolution
		{E098184C-455D-448F-85C3-B89D868AC519} = {553091A7-FFA3-4E6C-A289-AA7BDCFE3CE4}
		{2E89FA71-3D4E-402C-94D0-02911BC56085} = {553091A7-FFA3-4E6C-A289-AA7BDCFE3CE4}
		{D0E31BF1-4B3F-4051-A0E1-DA4ABA3ACF1C} = {553091A7-FFA3-4E6C-A289-AA7BDCFE3CE4}
		{E17D90ED-9BD3-4685-AB31-E9DA0C25B7E7} = {553091A7-FFA3-4E6C-A289-AA7BDCFE3CE4}
		{FFA2B5A9-3A11-438A-944E-5B6E22C37B59} = {553091A7-FFA3-4E6C-A289-AA7BDCFE3CE4}
		{0022270E-5350-4566-AD56-FF8F747F22D1} = {553091A7-FFA3-4E6C-A289-AA7BDCFE3CE4}
	EndGlobalSection
EndGlobal
